
Microsoft Visual Studio Solution File, Format Version 12.00
# Visual Studio 15
VisualStudioVersion = 15.0.28010.2026
MinimumVisualStudioVersion = 10.0.40219.1
Project("{F184B08F-C81C-45F6-A57F-5ABD9991F28F}") = "RanNLP", "RanNLP\RanNLP.vbproj", "{F94807EF-8C4B-4A9A-83B7-565A297928BC}"
EndProject
Global
	GlobalSection(SolutionConfigurationPlatforms) = preSolution
		Debug|Any CPU = Debug|Any CPU
		Release|Any CPU = Release|Any CPU
	EndGlobalSection
	GlobalSection(ProjectConfigurationPlatforms) = postSolution
		{F94807EF-8C4B-4A9A-83B7-565A297928BC}.Debug|Any CPU.ActiveCfg = Debug|Any CPU
		{F94807EF-8C4B-4A9A-83B7-565A297928BC}.Debug|Any CPU.Build.0 = Debug|Any CPU
		{F94807EF-8C4B-4A9A-83B7-565A297928BC}.Release|Any CPU.ActiveCfg = Release|Any CPU
		{F94807EF-8C4B-4A9A-83B7-565A297928BC}.Release|Any CPU.Build.0 = Release|Any CPU
	EndGlobalSection
	GlobalSection(SolutionProperties) = preSolution
		HideSolutionNode = FALSE
	EndGlobalSection
	GlobalSection(ExtensibilityGlobals) = postSolution
		SolutionGuid = {A618DE17-08EF-4878-812C-CD99B98204F9}
	EndGlobalSection
EndGlobal
